{
  "name": "elizaos-ui-tests",
  "version": "1.0.0",
  "lockfileVersion": 3,
  "requires": true,
  "packages": {
    "": {
      "name": "elizaos-ui-tests",
      "version": "1.0.0",
      "hasInstallScript": true,
      "dependencies": {
        "@elizaos/core": "file:../../core"
      },
      "devDependencies": {
        "@playwright/test": "^1.40.0",
        "typescript": "^5.1.6"
      }
    },
    "../../core": {
      "name": "@elizaos/core",
      "version": "1.0.0-beta.7",
      "license": "MIT",
      "dependencies": {
        "@hapi/shot": "^6.0.1",
        "@types/hapi": "^18.0.14",
        "dotenv": "16.4.5",
        "events": "^3.3.0",
        "glob": "11.0.0",
        "handlebars": "^4.7.8",
        "js-sha1": "0.7.0",
        "langchain": "^0.3.15",
        "pino": "^9.6.0",
        "pino-pretty": "^13.0.0",
        "unique-names-generator": "4.7.1",
        "uuid": "11.0.3"
      },
      "devDependencies": {
        "@eslint/js": "9.16.0",
        "@hapi/shot": "^6.0.1",
        "@rollup/plugin-commonjs": "25.0.8",
        "@rollup/plugin-json": "6.1.0",
        "@rollup/plugin-replace": "5.0.7",
        "@rollup/plugin-terser": "0.1.0",
        "@rollup/plugin-typescript": "11.1.6",
        "@types/hapi": "^18.0.14",
        "@types/mocha": "10.0.10",
        "@types/node": "^22.13.9",
        "@types/uuid": "10.0.0",
        "@typescript-eslint/eslint-plugin": "8.26.0",
        "@typescript-eslint/parser": "8.26.0",
        "@vitest/coverage-v8": "2.1.5",
        "lint-staged": "15.2.10",
        "nodemon": "3.1.7",
        "pm2": "5.4.3",
        "prettier": "3.5.3",
        "rimraf": "6.0.1",
        "rollup": "2.79.2",
        "ts-node": "10.9.2",
        "tslib": "2.8.1",
        "tsup": "^8.4.0",
        "typescript": "5.8.2"
      }
    },
    "node_modules/@elizaos/core": {
      "resolved": "../../core",
      "link": true
    },
    "node_modules/@playwright/test": {
      "version": "1.51.1",
      "resolved": "https://registry.npmjs.org/@playwright/test/-/test-1.51.1.tgz",
      "integrity": "sha512-nM+kEaTSAoVlXmMPH10017vn3FSiFqr/bh4fKg9vmAdMfd9SDqRZNvPSiAHADc/itWak+qPvMPZQOPwCBW7k7Q==",
      "dev": true,
      "license": "Apache-2.0",
      "dependencies": {
        "playwright": "1.51.1"
      },
      "bin": {
        "playwright": "cli.js"
      },
      "engines": {
        "node": ">=18"
      }
    },
    "node_modules/fsevents": {
      "version": "2.3.2",
      "resolved": "https://registry.npmjs.org/fsevents/-/fsevents-2.3.2.tgz",
      "integrity": "sha512-xiqMQR4xAeHTuB9uWm+fFRcIOgKBMiOBP+eXiyT7jsgVCq1bkVygt00oASowB7EdtpOHaaPgKt812P9ab+DDKA==",
      "dev": true,
      "hasInstallScript": true,
      "license": "MIT",
      "optional": true,
      "os": [
        "darwin"
      ],
      "engines": {
        "node": "^8.16.0 || ^10.6.0 || >=11.0.0"
      }
    },
    "node_modules/playwright": {
      "version": "1.51.1",
      "resolved": "https://registry.npmjs.org/playwright/-/playwright-1.51.1.tgz",
      "integrity": "sha512-kkx+MB2KQRkyxjYPc3a0wLZZoDczmppyGJIvQ43l+aZihkaVvmu/21kiyaHeHjiFxjxNNFnUncKmcGIyOojsaw==",
      "dev": true,
      "license": "Apache-2.0",
      "dependencies": {
        "playwright-core": "1.51.1"
      },
      "bin": {
        "playwright": "cli.js"
      },
      "engines": {
        "node": ">=18"
      },
      "optionalDependencies": {
        "fsevents": "2.3.2"
      }
    },
    "node_modules/playwright-core": {
      "version": "1.51.1",
      "resolved": "https://registry.npmjs.org/playwright-core/-/playwright-core-1.51.1.tgz",
      "integrity": "sha512-/crRMj8+j/Nq5s8QcvegseuyeZPxpQCZb6HNk3Sos3BlZyAknRjoyJPFWkpNn8v0+P3WiwqFF8P+zQo4eqiNuw==",
      "dev": true,
      "license": "Apache-2.0",
      "bin": {
        "playwright-core": "cli.js"
      },
      "engines": {
        "node": ">=18"
      }
    },
    "node_modules/typescript": {
      "version": "5.8.2",
      "resolved": "https://registry.npmjs.org/typescript/-/typescript-5.8.2.tgz",
      "integrity": "sha512-aJn6wq13/afZp/jT9QZmwEjDqqvSGp1VT5GVg+f/t6/oVyrgXM6BY1h9BRh/O5p3PlUPAe+WuiEZOmb/49RqoQ==",
      "dev": true,
      "license": "Apache-2.0",
      "bin": {
        "tsc": "bin/tsc",
        "tsserver": "bin/tsserver"
      },
      "engines": {
        "node": ">=14.17"
      }
    }
  }
}
